
Microsoft Visual Studio Solution File, Format Version 12.00
# Visual Studio Version 16
VisualStudioVersion = 16.0.32002.261
MinimumVisualStudioVersion = 10.0.40219.1
Project("{FAE04EC0-301F-11D3-BF4B-00C04F79EFBC}") = "newwebapp1", "newwebapp1\newwebapp1.csproj", "{15413709-8243-462F-A175-6424D29CCD13}"
EndProject
Global
	GlobalSection(SolutionConfigurationPlatforms) = preSolution
		Debug|Any CPU = Debug|Any CPU
		Release|Any CPU = Release|Any CPU
	EndGlobalSection
	GlobalSection(ProjectConfigurationPlatforms) = postSolution
		{15413709-8243-462F-A175-6424D29CCD13}.Debug|Any CPU.ActiveCfg = Debug|Any CPU
		{15413709-8243-462F-A175-6424D29CCD13}.Debug|Any CPU.Build.0 = Debug|Any CPU
		{15413709-8243-462F-A175-6424D29CCD13}.Release|Any CPU.ActiveCfg = Release|Any CPU
		{15413709-8243-462F-A175-6424D29CCD13}.Release|Any CPU.Build.0 = Release|Any CPU
	EndGlobalSection
	GlobalSection(SolutionProperties) = preSolution
		HideSolutionNode = FALSE
	EndGlobalSection
	GlobalSection(ExtensibilityGlobals) = postSolution
		SolutionGuid = {30E24DD7-747E-4CE7-8580-F3A6764FAC9F}
	EndGlobalSection
EndGlobal
